
Microsoft Visual Studio Solution File, Format Version 12.00
# Visual Studio 2013
VisualStudioVersion = 12.0.21005.1
MinimumVisualStudioVersion = 10.0.40219.1
Project("{FAE04EC0-301F-11D3-BF4B-00C04F79EFBC}") = "RXPL.AD.Service", "RXPL.AD.Service\RXPL.AD.Service.csproj", "{577A3CCA-CAF4-4F81-A8FB-C5715F9270E4}"
EndProject
Project("{FAE04EC0-301F-11D3-BF4B-00C04F79EFBC}") = "RXPL.Services.Host", "RXPL.Services.Host\RXPL.Services.Host.csproj", "{78EBD84A-B371-42FD-85B1-CA45E06C549D}"
EndProject
Global
	GlobalSection(SolutionConfigurationPlatforms) = preSolution
		Debug|Any CPU = Debug|Any CPU
		Release|Any CPU = Release|Any CPU
	EndGlobalSection
	GlobalSection(ProjectConfigurationPlatforms) = postSolution
		{577A3CCA-CAF4-4F81-A8FB-C5715F9270E4}.Debug|Any CPU.ActiveCfg = Debug|Any CPU
		{577A3CCA-CAF4-4F81-A8FB-C5715F9270E4}.Debug|Any CPU.Build.0 = Debug|Any CPU
		{577A3CCA-CAF4-4F81-A8FB-C5715F9270E4}.Release|Any CPU.ActiveCfg = Release|Any CPU
		{577A3CCA-CAF4-4F81-A8FB-C5715F9270E4}.Release|Any CPU.Build.0 = Release|Any CPU
		{78EBD84A-B371-42FD-85B1-CA45E06C549D}.Debug|Any CPU.ActiveCfg = Debug|Any CPU
		{78EBD84A-B371-42FD-85B1-CA45E06C549D}.Debug|Any CPU.Build.0 = Debug|Any CPU
		{78EBD84A-B371-42FD-85B1-CA45E06C549D}.Release|Any CPU.ActiveCfg = Release|Any CPU
		{78EBD84A-B371-42FD-85B1-CA45E06C549D}.Release|Any CPU.Build.0 = Release|Any CPU
	EndGlobalSection
	GlobalSection(SolutionProperties) = preSolution
		HideSolutionNode = FALSE
	EndGlobalSection
EndGlobal
