
Microsoft Visual Studio Solution File, Format Version 12.00
# Visual Studio 2013
VisualStudioVersion = 12.0.31101.0
MinimumVisualStudioVersion = 10.0.40219.1
Project("{2150E333-8FDC-42A3-9474-1A3956D46DE8}") = "Scripts", "Scripts", "{657FC701-E505-4999-9B74-E21226DEFA91}"
	ProjectSection(SolutionItems) = preProject
		reset_password.ps1 = reset_password.ps1
	EndProjectSection
EndProject
Project("{2150E333-8FDC-42A3-9474-1A3956D46DE8}") = "Installer", "Installer", "{06AB6A99-3FC8-4CAD-9D59-FF7B8A483A7C}"
	ProjectSection(SolutionItems) = preProject
		Installer\installer_x64.bat = Installer\installer_x64.bat
		Installer\installer_x86.bat = Installer\installer_x86.bat
		Installer\Instructions.txt = Installer\Instructions.txt
		Installer\log4net.dll = Installer\log4net.dll
		Installer\log4net.xml = Installer\log4net.xml
		Installer\reset_password.ps1 = Installer\reset_password.ps1
		Installer\RXPL.AD.Service.dll = Installer\RXPL.AD.Service.dll
		Installer\RXPL.AD.Service.pdb = Installer\RXPL.AD.Service.pdb
		Installer\RXPL.Services.Host.exe = Installer\RXPL.Services.Host.exe
		Installer\RXPL.Services.Host.exe.config = Installer\RXPL.Services.Host.exe.config
		Installer\RXPL.Services.Host.pdb = Installer\RXPL.Services.Host.pdb
		Installer\this.Log-log4net.dll = Installer\this.Log-log4net.dll
		Installer\this.Log.dll = Installer\this.Log.dll
		Installer\uninstall_x64.bat = Installer\uninstall_x64.bat
		Installer\uninstall_x86.bat = Installer\uninstall_x86.bat
	EndProjectSection
EndProject
Project("{2150E333-8FDC-42A3-9474-1A3956D46DE8}") = "Web Installer", "Web Installer", "{3FF65C2D-CD66-4082-8021-7398F0614BD8}"
EndProject
Project("{930C7802-8A8C-48F9-8165-68863BCCD9DD}") = "RXPL.WebApp.Installer", "RXPL.WebApp.Installer\RXPL.WebApp.Installer.wixproj", "{920BBB45-6B06-48F3-98A8-B37A7FD0E586}"
EndProject
Global
	GlobalSection(SolutionConfigurationPlatforms) = preSolution
		Debug|Any CPU = Debug|Any CPU
		Debug|Mixed Platforms = Debug|Mixed Platforms
		Debug|x86 = Debug|x86
		Release|Any CPU = Release|Any CPU
		Release|Mixed Platforms = Release|Mixed Platforms
		Release|x86 = Release|x86
	EndGlobalSection
	GlobalSection(ProjectConfigurationPlatforms) = postSolution
		{920BBB45-6B06-48F3-98A8-B37A7FD0E586}.Debug|Any CPU.ActiveCfg = Debug|x86
		{920BBB45-6B06-48F3-98A8-B37A7FD0E586}.Debug|Mixed Platforms.ActiveCfg = Debug|x86
		{920BBB45-6B06-48F3-98A8-B37A7FD0E586}.Debug|Mixed Platforms.Build.0 = Debug|x86
		{920BBB45-6B06-48F3-98A8-B37A7FD0E586}.Debug|x86.ActiveCfg = Debug|x86
		{920BBB45-6B06-48F3-98A8-B37A7FD0E586}.Debug|x86.Build.0 = Debug|x86
		{920BBB45-6B06-48F3-98A8-B37A7FD0E586}.Release|Any CPU.ActiveCfg = Release|x86
		{920BBB45-6B06-48F3-98A8-B37A7FD0E586}.Release|Mixed Platforms.ActiveCfg = Release|x86
		{920BBB45-6B06-48F3-98A8-B37A7FD0E586}.Release|Mixed Platforms.Build.0 = Release|x86
		{920BBB45-6B06-48F3-98A8-B37A7FD0E586}.Release|x86.ActiveCfg = Release|x86
		{920BBB45-6B06-48F3-98A8-B37A7FD0E586}.Release|x86.Build.0 = Release|x86
	EndGlobalSection
	GlobalSection(SolutionProperties) = preSolution
		HideSolutionNode = FALSE
	EndGlobalSection
	GlobalSection(NestedProjects) = preSolution
		{3FF65C2D-CD66-4082-8021-7398F0614BD8} = {06AB6A99-3FC8-4CAD-9D59-FF7B8A483A7C}
		{920BBB45-6B06-48F3-98A8-B37A7FD0E586} = {3FF65C2D-CD66-4082-8021-7398F0614BD8}
	EndGlobalSection
EndGlobal
